
Microsoft Visual Studio Solution File, Format Version 12.00
# Visual Studio Version 17
VisualStudioVersion = 17.4.33205.214
MinimumVisualStudioVersion = 10.0.40219.1
Project("{FAE04EC0-301F-11D3-BF4B-00C04F79EFBC}") = "WebSockets", "WebSockets\WebSockets.csproj", "{0F6D45E7-9726-4641-9077-66345615D4BE}"
EndProject
Global
	GlobalSection(SolutionConfigurationPlatforms) = preSolution
		Debug|Any CPU = Debug|Any CPU
		Release|Any CPU = Release|Any CPU
	EndGlobalSection
	GlobalSection(ProjectConfigurationPlatforms) = postSolution
		{0F6D45E7-9726-4641-9077-66345615D4BE}.Debug|Any CPU.ActiveCfg = Debug|Any CPU
		{0F6D45E7-9726-4641-9077-66345615D4BE}.Debug|Any CPU.Build.0 = Debug|Any CPU
		{0F6D45E7-9726-4641-9077-66345615D4BE}.Release|Any CPU.ActiveCfg = Release|Any CPU
		{0F6D45E7-9726-4641-9077-66345615D4BE}.Release|Any CPU.Build.0 = Release|Any CPU
	EndGlobalSection
	GlobalSection(SolutionProperties) = preSolution
		HideSolutionNode = FALSE
	EndGlobalSection
	GlobalSection(ExtensibilityGlobals) = postSolution
		SolutionGuid = {FCB2E5D9-DD36-416B-A0E5-FECA357FA59D}
	EndGlobalSection
EndGlobal
